
Microsoft Visual Studio Solution File, Format Version 12.00
# Visual Studio Version 16
VisualStudioVersion = 16.0.29318.209
MinimumVisualStudioVersion = 10.0.40219.1
Project("{9A19103F-16F7-4668-BE54-9A1E7A4F7556}") = "RateLimiterAPI", "RateLimiterAPI.csproj", "{30E878DE-8EC7-4A74-A27C-CA197603150B}"
EndProject
Project("{FAE04EC0-301F-11D3-BF4B-00C04F79EFBC}") = "RateLimiter.Common", "..\RateLimiter.Common\RateLimiter.Common.csproj", "{8255606D-7C93-4013-A5ED-FB109679715D}"
EndProject
Project("{FAE04EC0-301F-11D3-BF4B-00C04F79EFBC}") = "RateLimiter.Business", "..\RateLimiter.Business\RateLimiter.Business.csproj", "{4E9DF1E5-C2B4-4B52-81BD-5E3E89A1FF00}"
EndProject
Global
	GlobalSection(SolutionConfigurationPlatforms) = preSolution
		Debug|Any CPU = Debug|Any CPU
		Release|Any CPU = Release|Any CPU
	EndGlobalSection
	GlobalSection(ProjectConfigurationPlatforms) = postSolution
		{30E878DE-8EC7-4A74-A27C-CA197603150B}.Debug|Any CPU.ActiveCfg = Debug|Any CPU
		{30E878DE-8EC7-4A74-A27C-CA197603150B}.Debug|Any CPU.Build.0 = Debug|Any CPU
		{30E878DE-8EC7-4A74-A27C-CA197603150B}.Release|Any CPU.ActiveCfg = Release|Any CPU
		{30E878DE-8EC7-4A74-A27C-CA197603150B}.Release|Any CPU.Build.0 = Release|Any CPU
		{8255606D-7C93-4013-A5ED-FB109679715D}.Debug|Any CPU.ActiveCfg = Debug|Any CPU
		{8255606D-7C93-4013-A5ED-FB109679715D}.Debug|Any CPU.Build.0 = Debug|Any CPU
		{8255606D-7C93-4013-A5ED-FB109679715D}.Release|Any CPU.ActiveCfg = Release|Any CPU
		{8255606D-7C93-4013-A5ED-FB109679715D}.Release|Any CPU.Build.0 = Release|Any CPU
		{4E9DF1E5-C2B4-4B52-81BD-5E3E89A1FF00}.Debug|Any CPU.ActiveCfg = Debug|Any CPU
		{4E9DF1E5-C2B4-4B52-81BD-5E3E89A1FF00}.Debug|Any CPU.Build.0 = Debug|Any CPU
		{4E9DF1E5-C2B4-4B52-81BD-5E3E89A1FF00}.Release|Any CPU.ActiveCfg = Release|Any CPU
		{4E9DF1E5-C2B4-4B52-81BD-5E3E89A1FF00}.Release|Any CPU.Build.0 = Release|Any CPU
	EndGlobalSection
	GlobalSection(SolutionProperties) = preSolution
		HideSolutionNode = FALSE
	EndGlobalSection
	GlobalSection(ExtensibilityGlobals) = postSolution
		SolutionGuid = {51FAC582-762D-4282-9BFF-09218030F458}
	EndGlobalSection
EndGlobal
